PODS:
  - Socket.IO-Client-Swift (13.1.3):
    - Starscream (~> 3.0.2)
  - Starscream (3.0.5)

DEPENDENCIES:
  - Socket.IO-Client-Swift (~> 13.1.0)

SPEC REPOS:
  https://github.com/cocoapods/specs.git:
    - Socket.IO-Client-Swift
    - Starscream

SPEC CHECKSUMS:
  Socket.IO-Client-Swift: d30d6fd08a38ad2a182b090936a043bf512ab2de
  Starscream: faf918b2f2eff7d5dd21180646bf015a669673bd

PODFILE CHECKSUM: 1f768538c3de39d0103b031ce73e5c21605153b8

COCOAPODS: 1.5.3
